Microsoft Visual Studio Solution File, Format Version 12.00
# Visual Studio Version 17
VisualStudioVersion = 17.5.2.0
MinimumVisualStudioVersion = 10.0.40219.1
Project("{2150E333-8FDC-42A3-9474-1A3956D46DE8}") = "Backend", "Backend", "{1AE8ACA6-933B-BF2A-3671-3E2EAC007D16}"
EndProject
Project("{FAE04EC0-301F-11D3-BF4B-00C04F79EFBC}") = "BookApi", "Backend\BookApi\BookApi.csproj", "{FF1F6FDF-6ADA-F084-3142-97C0B5C21A77}"
EndProject
Global
	GlobalSection(SolutionConfigurationPlatforms) = preSolution
		Debug|Any CPU = Debug|Any CPU
		Release|Any CPU = Release|Any CPU
	EndGlobalSection
	GlobalSection(ProjectConfigurationPlatforms) = postSolution
		{FF1F6FDF-6ADA-F084-3142-97C0B5C21A77}.Debug|Any CPU.ActiveCfg = Debug|Any CPU
		{FF1F6FDF-6ADA-F084-3142-97C0B5C21A77}.Debug|Any CPU.Build.0 = Debug|Any CPU
		{FF1F6FDF-6ADA-F084-3142-97C0B5C21A77}.Release|Any CPU.ActiveCfg = Release|Any CPU
		{FF1F6FDF-6ADA-F084-3142-97C0B5C21A77}.Release|Any CPU.Build.0 = Release|Any CPU
	EndGlobalSection
	GlobalSection(SolutionProperties) = preSolution
		HideSolutionNode = FALSE
	EndGlobalSection
	GlobalSection(NestedProjects) = preSolution
		{FF1F6FDF-6ADA-F084-3142-97C0B5C21A77} = {1AE8ACA6-933B-BF2A-3671-3E2EAC007D16}
	EndGlobalSection
	GlobalSection(ExtensibilityGlobals) = postSolution
		SolutionGuid = {0BDB2614-A43E-4738-AC19-26B637517525}
	EndGlobalSection
EndGlobal
